
Microsoft Visual Studio Solution File, Format Version 12.00
# Visual Studio Version 16
VisualStudioVersion = 16.0.29911.84
MinimumVisualStudioVersion = 10.0.40219.1
Project("{FAE04EC0-301F-11D3-BF4B-00C04F79EFBC}") = "myMVC", "myMVC\myMVC.csproj", "{79F1EB41-F50B-486C-9F03-3A4A9E65E009}"
EndProject
Global
	GlobalSection(SolutionConfigurationPlatforms) = preSolution
		Debug|Any CPU = Debug|Any CPU
		Release|Any CPU = Release|Any CPU
	EndGlobalSection
	GlobalSection(ProjectConfigurationPlatforms) = postSolution
		{79F1EB41-F50B-486C-9F03-3A4A9E65E009}.Debug|Any CPU.ActiveCfg = Debug|Any CPU
		{79F1EB41-F50B-486C-9F03-3A4A9E65E009}.Debug|Any CPU.Build.0 = Debug|Any CPU
		{79F1EB41-F50B-486C-9F03-3A4A9E65E009}.Release|Any CPU.ActiveCfg = Release|Any CPU
		{79F1EB41-F50B-486C-9F03-3A4A9E65E009}.Release|Any CPU.Build.0 = Release|Any CPU
	EndGlobalSection
	GlobalSection(SolutionProperties) = preSolution
		HideSolutionNode = FALSE
	EndGlobalSection
	GlobalSection(ExtensibilityGlobals) = postSolution
		SolutionGuid = {EB3172CB-0203-4D5F-AA0A-57487A44D73B}
	EndGlobalSection
EndGlobal
